
Microsoft Visual Studio Solution File, Format Version 12.00
# Visual Studio Version 17
VisualStudioVersion = 17.5.33424.131
MinimumVisualStudioVersion = 10.0.40219.1
Project("{FAE04EC0-301F-11D3-BF4B-00C04F79EFBC}") = "Client", "Client\Client.csproj", "{BE64F5DD-D9E7-47C6-AF1F-11C98BC53967}"
EndProject
Project("{FAE04EC0-301F-11D3-BF4B-00C04F79EFBC}") = "API", "API\API.csproj", "{7B13C29A-58D4-4385-BFC1-9FFC9BD437B0}"
EndProject
Global
	GlobalSection(SolutionConfigurationPlatforms) = preSolution
		Debug|Any CPU = Debug|Any CPU
		Release|Any CPU = Release|Any CPU
	EndGlobalSection
	GlobalSection(ProjectConfigurationPlatforms) = postSolution
		{BE64F5DD-D9E7-47C6-AF1F-11C98BC53967}.Debug|Any CPU.ActiveCfg = Debug|Any CPU
		{BE64F5DD-D9E7-47C6-AF1F-11C98BC53967}.Debug|Any CPU.Build.0 = Debug|Any CPU
		{BE64F5DD-D9E7-47C6-AF1F-11C98BC53967}.Release|Any CPU.ActiveCfg = Release|Any CPU
		{BE64F5DD-D9E7-47C6-AF1F-11C98BC53967}.Release|Any CPU.Build.0 = Release|Any CPU
		{7B13C29A-58D4-4385-BFC1-9FFC9BD437B0}.Debug|Any CPU.ActiveCfg = Debug|Any CPU
		{7B13C29A-58D4-4385-BFC1-9FFC9BD437B0}.Debug|Any CPU.Build.0 = Debug|Any CPU
		{7B13C29A-58D4-4385-BFC1-9FFC9BD437B0}.Release|Any CPU.ActiveCfg = Release|Any CPU
		{7B13C29A-58D4-4385-BFC1-9FFC9BD437B0}.Release|Any CPU.Build.0 = Release|Any CPU
	EndGlobalSection
	GlobalSection(SolutionProperties) = preSolution
		HideSolutionNode = FALSE
	EndGlobalSection
	GlobalSection(ExtensibilityGlobals) = postSolution
		SolutionGuid = {58E8BD74-47E1-4F84-94B6-714E5B0B0505}
	EndGlobalSection
EndGlobal
